
Microsoft Visual Studio Solution File, Format Version 12.00
# Visual Studio Version 17
VisualStudioVersion = 17.8.34322.80
MinimumVisualStudioVersion = 10.0.40219.1
Project("{2150E333-8FDC-42A3-9474-1A3956D46DE8}") = "gateway", "gateway", "{E8D39945-EFA3-46F5-96EE-8A410385C917}"
EndProject
Project("{2150E333-8FDC-42A3-9474-1A3956D46DE8}") = "src", "src", "{B142F4AC-0011-4F9F-8668-4825D43AC61C}"
EndProject
Project("{2150E333-8FDC-42A3-9474-1A3956D46DE8}") = "services", "services", "{CE4DA2C2-C477-4148-BF89-53FF4241A625}"
EndProject
Project("{2150E333-8FDC-42A3-9474-1A3956D46DE8}") = "test", "test", "{814ADA78-3D57-47E7-AEEF-1BA01E68E9A0}"
EndProject
Project("{2150E333-8FDC-42A3-9474-1A3956D46DE8}") = "stocktradingservice", "stocktradingservice", "{5F823191-4540-4244-BA37-C78F8AC06217}"
EndProject
Project("{9A19103F-16F7-4668-BE54-9A1E7A4F7556}") = "Application", "Application\Application.csproj", "{0CC0327A-F0B4-4FC6-935F-DF9BD4D7B1D5}"
EndProject
Project("{9A19103F-16F7-4668-BE54-9A1E7A4F7556}") = "Domain", "Domain\Domain.csproj", "{0CFF17DA-60F7-47BD-AA3E-CE833ED169C0}"
EndProject
Project("{9A19103F-16F7-4668-BE54-9A1E7A4F7556}") = "Infrastructure", "Infrastructure\Infrastructure.csproj", "{0D064F60-05D0-406B-A435-9EC5D94B18BF}"
EndProject
Project("{9A19103F-16F7-4668-BE54-9A1E7A4F7556}") = "SharedKernel", "SharedKernel\SharedKernel.csproj", "{618E94AA-590A-4051-9A84-1F243187C459}"
EndProject
Project("{9A19103F-16F7-4668-BE54-9A1E7A4F7556}") = "Domain.UnitTest", "Domain.UnitTest\Domain.UnitTest.csproj", "{55C80B2A-F2EC-4069-A69B-94557A75F3E0}"
EndProject
Project("{2150E333-8FDC-42A3-9474-1A3956D46DE8}") = "stocktradingservicetest", "stocktradingservicetest", "{29833CEB-F1BB-4BBF-8455-4F56F8B6446A}"
EndProject
Project("{9A19103F-16F7-4668-BE54-9A1E7A4F7556}") = "Presentation", "Presentation\Presentation.csproj", "{66B26BD9-FB3F-457E-8B84-B03DD8425D2A}"
EndProject
Project("{9A19103F-16F7-4668-BE54-9A1E7A4F7556}") = "Web.Api", "Web.Api\Web.Api.csproj", "{A512A37B-7F4D-4C57-AC59-0BA817F8A77F}"
EndProject
Project("{9A19103F-16F7-4668-BE54-9A1E7A4F7556}") = "Application.UnitTests", "Application.UnitTest\Application.UnitTests.csproj", "{CD08C66F-969D-4583-ACEB-842709667552}"
EndProject
Project("{E53339B2-1760-4266-BCC7-CA923CBCF16C}") = "docker-compose", "docker-compose.dcproj", "{D59EA5B2-53D1-4DA2-8B44-C8799728FE4E}"
EndProject
Global
	GlobalSection(SolutionConfigurationPlatforms) = preSolution
		Debug|Any CPU = Debug|Any CPU
		Release|Any CPU = Release|Any CPU
	EndGlobalSection
	GlobalSection(ProjectConfigurationPlatforms) = postSolution
		{0CC0327A-F0B4-4FC6-935F-DF9BD4D7B1D5}.Debug|Any CPU.ActiveCfg = Debug|Any CPU
		{0CC0327A-F0B4-4FC6-935F-DF9BD4D7B1D5}.Debug|Any CPU.Build.0 = Debug|Any CPU
		{0CC0327A-F0B4-4FC6-935F-DF9BD4D7B1D5}.Release|Any CPU.ActiveCfg = Release|Any CPU
		{0CC0327A-F0B4-4FC6-935F-DF9BD4D7B1D5}.Release|Any CPU.Build.0 = Release|Any CPU
		{0CFF17DA-60F7-47BD-AA3E-CE833ED169C0}.Debug|Any CPU.ActiveCfg = Debug|Any CPU
		{0CFF17DA-60F7-47BD-AA3E-CE833ED169C0}.Debug|Any CPU.Build.0 = Debug|Any CPU
		{0CFF17DA-60F7-47BD-AA3E-CE833ED169C0}.Release|Any CPU.ActiveCfg = Release|Any CPU
		{0CFF17DA-60F7-47BD-AA3E-CE833ED169C0}.Release|Any CPU.Build.0 = Release|Any CPU
		{0D064F60-05D0-406B-A435-9EC5D94B18BF}.Debug|Any CPU.ActiveCfg = Debug|Any CPU
		{0D064F60-05D0-406B-A435-9EC5D94B18BF}.Debug|Any CPU.Build.0 = Debug|Any CPU
		{0D064F60-05D0-406B-A435-9EC5D94B18BF}.Release|Any CPU.ActiveCfg = Release|Any CPU
		{0D064F60-05D0-406B-A435-9EC5D94B18BF}.Release|Any CPU.Build.0 = Release|Any CPU
		{618E94AA-590A-4051-9A84-1F243187C459}.Debug|Any CPU.ActiveCfg = Debug|Any CPU
		{618E94AA-590A-4051-9A84-1F243187C459}.Debug|Any CPU.Build.0 = Debug|Any CPU
		{618E94AA-590A-4051-9A84-1F243187C459}.Release|Any CPU.ActiveCfg = Release|Any CPU
		{618E94AA-590A-4051-9A84-1F243187C459}.Release|Any CPU.Build.0 = Release|Any CPU
		{55C80B2A-F2EC-4069-A69B-94557A75F3E0}.Debug|Any CPU.ActiveCfg = Debug|Any CPU
		{55C80B2A-F2EC-4069-A69B-94557A75F3E0}.Debug|Any CPU.Build.0 = Debug|Any CPU
		{55C80B2A-F2EC-4069-A69B-94557A75F3E0}.Release|Any CPU.ActiveCfg = Release|Any CPU
		{55C80B2A-F2EC-4069-A69B-94557A75F3E0}.Release|Any CPU.Build.0 = Release|Any CPU
		{66B26BD9-FB3F-457E-8B84-B03DD8425D2A}.Debug|Any CPU.ActiveCfg = Debug|Any CPU
		{66B26BD9-FB3F-457E-8B84-B03DD8425D2A}.Debug|Any CPU.Build.0 = Debug|Any CPU
		{66B26BD9-FB3F-457E-8B84-B03DD8425D2A}.Release|Any CPU.ActiveCfg = Release|Any CPU
		{66B26BD9-FB3F-457E-8B84-B03DD8425D2A}.Release|Any CPU.Build.0 = Release|Any CPU
		{A512A37B-7F4D-4C57-AC59-0BA817F8A77F}.Debug|Any CPU.ActiveCfg = Debug|Any CPU
		{A512A37B-7F4D-4C57-AC59-0BA817F8A77F}.Debug|Any CPU.Build.0 = Debug|Any CPU
		{A512A37B-7F4D-4C57-AC59-0BA817F8A77F}.Release|Any CPU.ActiveCfg = Release|Any CPU
		{A512A37B-7F4D-4C57-AC59-0BA817F8A77F}.Release|Any CPU.Build.0 = Release|Any CPU
		{CD08C66F-969D-4583-ACEB-842709667552}.Debug|Any CPU.ActiveCfg = Debug|Any CPU
		{CD08C66F-969D-4583-ACEB-842709667552}.Debug|Any CPU.Build.0 = Debug|Any CPU
		{CD08C66F-969D-4583-ACEB-842709667552}.Release|Any CPU.ActiveCfg = Release|Any CPU
		{CD08C66F-969D-4583-ACEB-842709667552}.Release|Any CPU.Build.0 = Release|Any CPU
		{D59EA5B2-53D1-4DA2-8B44-C8799728FE4E}.Debug|Any CPU.ActiveCfg = Debug|Any CPU
		{D59EA5B2-53D1-4DA2-8B44-C8799728FE4E}.Debug|Any CPU.Build.0 = Debug|Any CPU
		{D59EA5B2-53D1-4DA2-8B44-C8799728FE4E}.Release|Any CPU.ActiveCfg = Release|Any CPU
		{D59EA5B2-53D1-4DA2-8B44-C8799728FE4E}.Release|Any CPU.Build.0 = Release|Any CPU
	EndGlobalSection
	GlobalSection(SolutionProperties) = preSolution
		HideSolutionNode = FALSE
	EndGlobalSection
	GlobalSection(NestedProjects) = preSolution
		{CE4DA2C2-C477-4148-BF89-53FF4241A625} = {B142F4AC-0011-4F9F-8668-4825D43AC61C}
		{814ADA78-3D57-47E7-AEEF-1BA01E68E9A0} = {B142F4AC-0011-4F9F-8668-4825D43AC61C}
		{5F823191-4540-4244-BA37-C78F8AC06217} = {CE4DA2C2-C477-4148-BF89-53FF4241A625}
		{0CC0327A-F0B4-4FC6-935F-DF9BD4D7B1D5} = {5F823191-4540-4244-BA37-C78F8AC06217}
		{0CFF17DA-60F7-47BD-AA3E-CE833ED169C0} = {5F823191-4540-4244-BA37-C78F8AC06217}
		{0D064F60-05D0-406B-A435-9EC5D94B18BF} = {5F823191-4540-4244-BA37-C78F8AC06217}
		{618E94AA-590A-4051-9A84-1F243187C459} = {5F823191-4540-4244-BA37-C78F8AC06217}
		{55C80B2A-F2EC-4069-A69B-94557A75F3E0} = {29833CEB-F1BB-4BBF-8455-4F56F8B6446A}
		{29833CEB-F1BB-4BBF-8455-4F56F8B6446A} = {814ADA78-3D57-47E7-AEEF-1BA01E68E9A0}
		{66B26BD9-FB3F-457E-8B84-B03DD8425D2A} = {5F823191-4540-4244-BA37-C78F8AC06217}
		{A512A37B-7F4D-4C57-AC59-0BA817F8A77F} = {5F823191-4540-4244-BA37-C78F8AC06217}
		{CD08C66F-969D-4583-ACEB-842709667552} = {29833CEB-F1BB-4BBF-8455-4F56F8B6446A}
	EndGlobalSection
	GlobalSection(ExtensibilityGlobals) = postSolution
		SolutionGuid = {1D55BD61-1641-495D-A533-167F487EF28B}
	EndGlobalSection
EndGlobal
